// !$*UTF8*$!
{
	archiveVersion = 1;
	classes = {
	};
	objectVersion = 48;
	objects = {

/* Begin PBXAggregateTarget section */
		E728C63D1F59A9FA00E3A024 /* Framework */ = {
			isa = PBXAggregateTarget;
			buildConfigurationList = E728C63E1F59A9FA00E3A024 /* Build configuration list for PBXAggregateTarget "Framework" */;
			buildPhases = (
				E728C6431F59AA1B00E3A024 /* ShellScript */,
			);
			dependencies = (
				E7ACE3FE1F59AD3100E6BFC6 /* PBXTargetDependency */,
				E728C6421F59AA1700E3A024 /* PBXTargetDependency */,
			);
			name = Framework;
			productName = Framework;
		};
/* End PBXAggregateTarget section */

/* Begin PBXBuildFile section */
		E728C6341F59A62800E3A024 /* Hybrid.h in CopyFiles */ = {isa = PBXBuildFile; fileRef = E728C6311F59A62800E3A024 /* Hybrid.h */; };
		E728C63B1F59A70900E3A024 /* Hybrid.h in Headers */ = {isa = PBXBuildFile; fileRef = E728C6311F59A62800E3A024 /* Hybrid.h */; settings = {ATTRIBUTES = (Public, ); }; };
		E728C6461F59AAE000E3A024 /* HybridViewController.h in Headers */ = {isa = PBXBuildFile; fileRef = E728C6441F59AAE000E3A024 /* HybridViewController.h */; settings = {ATTRIBUTES = (Public, ); }; };
		E728C6471F59AAE000E3A024 /* HybridViewController.m in Sources */ = {isa = PBXBuildFile; fileRef = E728C6451F59AAE000E3A024 /* HybridViewController.m */; };
		E7ACE4071F59AE9800E6BFC6 /* AppDelegate.m in Sources */ = {isa = PBXBuildFile; fileRef = E7ACE4061F59AE9800E6BFC6 /* AppDelegate.m */; };
		E7ACE40D1F59AE9800E6BFC6 /* Main.storyboard in Resources */ = {isa = PBXBuildFile; fileRef = E7ACE40B1F59AE9800E6BFC6 /* Main.storyboard */; };
		E7ACE4121F59AE9800E6BFC6 /* LaunchScreen.storyboard in Resources */ = {isa = PBXBuildFile; fileRef = E7ACE4101F59AE9800E6BFC6 /* LaunchScreen.storyboard */; };
		E7ACE4151F59AE9800E6BFC6 /* main.m in Sources */ = {isa = PBXBuildFile; fileRef = E7ACE4141F59AE9800E6BFC6 /* main.m */; };
		E7ACE41B1F59AEC600E6BFC6 /* Hybrid.bundle in Resources */ = {isa = PBXBuildFile; fileRef = E7ACE3F71F59ACCD00E6BFC6 /* Hybrid.bundle */; };
		E7ACE41C1F59AF3100E6BFC6 /* HybridViewController.m in Sources */ = {isa = PBXBuildFile; fileRef = E728C6451F59AAE000E3A024 /* HybridViewController.m */; };
		E7ACE41D1F59AF9A00E6BFC6 /* Main.storyboard in Resources */ = {isa = PBXBuildFile; fileRef = E7ACE40B1F59AE9800E6BFC6 /* Main.storyboard */; };
		E7ACE41E1F59AF9A00E6BFC6 /* Assets.xcassets in Resources */ = {isa = PBXBuildFile; fileRef = E7ACE40E1F59AE9800E6BFC6 /* Assets.xcassets */; };
/* End PBXBuildFile section */

/* Begin PBXContainerItemProxy section */
		E728C6411F59AA1700E3A024 /* PBXContainerItemProxy */ = {
			isa = PBXContainerItemProxy;
			containerPortal = E728C6261F59A62800E3A024 /* Project object */;
			proxyType = 1;
			remoteGlobalIDString = E728C62D1F59A62800E3A024;
			remoteInfo = Hybrid;
		};
		E7ACE3FD1F59AD3100E6BFC6 /* PBXContainerItemProxy */ = {
			isa = PBXContainerItemProxy;
			containerPortal = E728C6261F59A62800E3A024 /* Project object */;
			proxyType = 1;
			remoteGlobalIDString = E7ACE3F61F59ACCD00E6BFC6;
			remoteInfo = HybridBundle;
		};
		E7ACE4191F59AEAA00E6BFC6 /* PBXContainerItemProxy */ = {
			isa = PBXContainerItemProxy;
			containerPortal = E728C6261F59A62800E3A024 /* Project object */;
			proxyType = 1;
			remoteGlobalIDString = E7ACE3F61F59ACCD00E6BFC6;
			remoteInfo = HybridBundle;
		};
/* End PBXContainerItemProxy section */

/* Begin PBXCopyFilesBuildPhase section */
		E728C62C1F59A62800E3A024 /* CopyFiles */ = {
			isa = PBXCopyFilesBuildPhase;
			buildActionMask = 2147483647;
			dstPath = "include/$(PRODUCT_NAME)";
			dstSubfolderSpec = 16;
			files = (
				E728C6341F59A62800E3A024 /* Hybrid.h in CopyFiles */,
			);
			runOnlyForDeploymentPostprocessing = 0;
		};
/* End PBXCopyFilesBuildPhase section */

/* Begin PBXFileReference section */
		E728C62E1F59A62800E3A024 /* libHybrid.a */ = {isa = PBXFileReference; explicitFileType = archive.ar; includeInIndex = 0; path = libHybrid.a; sourceTree = BUILT_PRODUCTS_DIR; };
		E728C6311F59A62800E3A024 /* Hybrid.h */ = {isa = PBXFileReference; lastKnownFileType = sourcecode.c.h; path = Hybrid.h; sourceTree = "<group>"; };
		E728C6441F59AAE000E3A024 /* HybridViewController.h */ = {isa = PBXFileReference; lastKnownFileType = sourcecode.c.h; path = HybridViewController.h; sourceTree = "<group>"; };
		E728C6451F59AAE000E3A024 /* HybridViewController.m */ = {isa = PBXFileReference; lastKnownFileType = sourcecode.c.objc; path = HybridViewController.m; sourceTree = "<group>"; };
		E728C64E1F59ABE400E3A024 /* Info.plist */ = {isa = PBXFileReference; lastKnownFileType = text.plist.xml; path = Info.plist; sourceTree = "<group>"; };
		E7ACE3F71F59ACCD00E6BFC6 /* Hybrid.bundle */ = {isa = PBXFileReference; explicitFileType = wrapper.cfbundle; includeInIndex = 0; path = Hybrid.bundle; sourceTree = BUILT_PRODUCTS_DIR; };
		E7ACE3F91F59ACCD00E6BFC6 /* Info.plist */ = {isa = PBXFileReference; lastKnownFileType = text.plist.xml; path = Info.plist; sourceTree = "<group>"; };
		E7ACE4031F59AE9800E6BFC6 /* HybridApp.app */ = {isa = PBXFileReference; explicitFileType = wrapper.application; includeInIndex = 0; path = HybridApp.app; sourceTree = BUILT_PRODUCTS_DIR; };
		E7ACE4051F59AE9800E6BFC6 /* AppDelegate.h */ = {isa = PBXFileReference; lastKnownFileType = sourcecode.c.h; path = AppDelegate.h; sourceTree = "<group>"; };
		E7ACE4061F59AE9800E6BFC6 /* AppDelegate.m */ = {isa = PBXFileReference; lastKnownFileType = sourcecode.c.objc; path = AppDelegate.m; sourceTree = "<group>"; };
		E7ACE40C1F59AE9800E6BFC6 /* Base */ = {isa = PBXFileReference; lastKnownFileType = file.storyboard; name = Base; path = Base.lproj/Main.storyboard; sourceTree = "<group>"; };
		E7ACE40E1F59AE9800E6BFC6 /* Assets.xcassets */ = {isa = PBXFileReference; lastKnownFileType = folder.assetcatalog; path = Assets.xcassets; sourceTree = "<group>"; };
		E7ACE4111F59AE9800E6BFC6 /* Base */ = {isa = PBXFileReference; lastKnownFileType = file.storyboard; name = Base; path = Base.lproj/LaunchScreen.storyboard; sourceTree = "<group>"; };
		E7ACE4131F59AE9800E6BFC6 /* Info.plist */ = {isa = PBXFileReference; lastKnownFileType = text.plist.xml; path = Info.plist; sourceTree = "<group>"; };
		E7ACE4141F59AE9800E6BFC6 /* main.m */ = {isa = PBXFileReference; lastKnownFileType = sourcecode.c.objc; path = main.m; sourceTree = "<group>"; };
/* End PBXFileReference section */

/* Begin PBXFrameworksBuildPhase section */
		E728C62B1F59A62800E3A024 /* Frameworks */ = {
			isa = PBXFrameworksBuildPhase;
			buildActionMask = 2147483647;
			files = (
			);
			runOnlyForDeploymentPostprocessing = 0;
		};
		E7ACE3F41F59ACCD00E6BFC6 /* Frameworks */ = {
			isa = PBXFrameworksBuildPhase;
			buildActionMask = 2147483647;
			files = (
			);
			runOnlyForDeploymentPostprocessing = 0;
		};
		E7ACE4001F59AE9800E6BFC6 /* Frameworks */ = {
			isa = PBXFrameworksBuildPhase;
			buildActionMask = 2147483647;
			files = (
			);
			runOnlyForDeploymentPostprocessing = 0;
		};
/* End PBXFrameworksBuildPhase section */

/* Begin PBXGroup section */
		E728C6251F59A62800E3A024 = {
			isa = PBXGroup;
			children = (
				E728C6301F59A62800E3A024 /* Hybrid */,
				E728C64D1F59ABE400E3A024 /* HybridResources */,
				E7ACE3F81F59ACCD00E6BFC6 /* HybridBundle */,
				E7ACE4041F59AE9800E6BFC6 /* HybridApp */,
				E728C62F1F59A62800E3A024 /* Products */,
			);
			sourceTree = "<group>";
		};
		E728C62F1F59A62800E3A024 /* Products */ = {
			isa = PBXGroup;
			children = (
				E728C62E1F59A62800E3A024 /* libHybrid.a */,
				E7ACE3F71F59ACCD00E6BFC6 /* Hybrid.bundle */,
				E7ACE4031F59AE9800E6BFC6 /* HybridApp.app */,
			);
			name = Products;
			sourceTree = "<group>";
		};
		E728C6301F59A62800E3A024 /* Hybrid */ = {
			isa = PBXGroup;
			children = (
				E728C6311F59A62800E3A024 /* Hybrid.h */,
				E728C6441F59AAE000E3A024 /* HybridViewController.h */,
				E728C6451F59AAE000E3A024 /* HybridViewController.m */,
			);
			path = Hybrid;
			sourceTree = "<group>";
		};
		E728C64D1F59ABE400E3A024 /* HybridResources */ = {
			isa = PBXGroup;
			children = (
				E728C64E1F59ABE400E3A024 /* Info.plist */,
			);
			path = HybridResources;
			sourceTree = "<group>";
		};
		E7ACE3F81F59ACCD00E6BFC6 /* HybridBundle */ = {
			isa = PBXGroup;
			children = (
				E7ACE3F91F59ACCD00E6BFC6 /* Info.plist */,
			);
			path = HybridBundle;
			sourceTree = "<group>";
		};
		E7ACE4041F59AE9800E6BFC6 /* HybridApp */ = {
			isa = PBXGroup;
			children = (
				E7ACE4051F59AE9800E6BFC6 /* AppDelegate.h */,
				E7ACE4061F59AE9800E6BFC6 /* AppDelegate.m */,
				E7ACE40B1F59AE9800E6BFC6 /* Main.storyboard */,
				E7ACE40E1F59AE9800E6BFC6 /* Assets.xcassets */,
				E7ACE4101F59AE9800E6BFC6 /* LaunchScreen.storyboard */,
				E7ACE4131F59AE9800E6BFC6 /* Info.plist */,
				E7ACE4141F59AE9800E6BFC6 /* main.m */,
			);
			path = HybridApp;
			sourceTree = "<group>";
		};
/* End PBXGroup section */

/* Begin PBXHeadersBuildPhase section */
		E728C63A1F59A6F200E3A024 /* Headers */ = {
			isa = PBXHeadersBuildPhase;
			buildActionMask = 2147483647;
			files = (
				E728C63B1F59A70900E3A024 /* Hybrid.h in Headers */,
				E728C6461F59AAE000E3A024 /* HybridViewController.h in Headers */,
			);
			runOnlyForDeploymentPostprocessing = 0;
		};
/* End PBXHeadersBuildPhase section */

/* Begin PBXNativeTarget section */
		E728C62D1F59A62800E3A024 /* Hybrid */ = {
			isa = PBXNativeTarget;
			buildConfigurationList = E728C6371F59A62800E3A024 /* Build configuration list for PBXNativeTarget "Hybrid" */;
			buildPhases = (
				E728C62A1F59A62800E3A024 /* Sources */,
				E728C62B1F59A62800E3A024 /* Frameworks */,
				E728C62C1F59A62800E3A024 /* CopyFiles */,
				E728C63A1F59A6F200E3A024 /* Headers */,
				E728C63C1F59A7F800E3A024 /* Prepare Framework */,
			);
			buildRules = (
			);
			dependencies = (
			);
			name = Hybrid;
			productName = Hybrid;
			productReference = E728C62E1F59A62800E3A024 /* libHybrid.a */;
			productType = "com.apple.product-type.library.static";
		};
		E7ACE3F61F59ACCD00E6BFC6 /* HybridBundle */ = {
			isa = PBXNativeTarget;
			buildConfigurationList = E7ACE3FA1F59ACCD00E6BFC6 /* Build configuration list for PBXNativeTarget "HybridBundle" */;
			buildPhases = (
				E7ACE3F31F59ACCD00E6BFC6 /* Sources */,
				E7ACE3F41F59ACCD00E6BFC6 /* Frameworks */,
				E7ACE3F51F59ACCD00E6BFC6 /* Resources */,
			);
			buildRules = (
			);
			dependencies = (
			);
			name = HybridBundle;
			productName = HybridBundle;
			productReference = E7ACE3F71F59ACCD00E6BFC6 /* Hybrid.bundle */;
			productType = "com.apple.product-type.bundle";
		};
		E7ACE4021F59AE9800E6BFC6 /* HybridApp */ = {
			isa = PBXNativeTarget;
			buildConfigurationList = E7ACE4181F59AE9800E6BFC6 /* Build configuration list for PBXNativeTarget "HybridApp" */;
			buildPhases = (
				E7ACE3FF1F59AE9800E6BFC6 /* Sources */,
				E7ACE4001F59AE9800E6BFC6 /* Frameworks */,
				E7ACE4011F59AE9800E6BFC6 /* Resources */,
			);
			buildRules = (
			);
			dependencies = (
				E7ACE41A1F59AEAA00E6BFC6 /* PBXTargetDependency */,
			);
			name = HybridApp;
			productName = HybridApp;
			productReference = E7ACE4031F59AE9800E6BFC6 /* HybridApp.app */;
			productType = "com.apple.product-type.application";
		};
/* End PBXNativeTarget section */

/* Begin PBXProject section */
		E728C6261F59A62800E3A024 /* Project object */ = {
			isa = PBXProject;
			attributes = {
				LastUpgradeCheck = 0900;
				ORGANIZATIONNAME = "Detroit Labs";
				TargetAttributes = {
					E728C62D1F59A62800E3A024 = {
						CreatedOnToolsVersion = 9.0;
						ProvisioningStyle = Automatic;
					};
					E728C63D1F59A9FA00E3A024 = {
						CreatedOnToolsVersion = 9.0;
						ProvisioningStyle = Automatic;
					};
					E7ACE3F61F59ACCD00E6BFC6 = {
						CreatedOnToolsVersion = 9.0;
						ProvisioningStyle = Automatic;
					};
					E7ACE4021F59AE9800E6BFC6 = {
						CreatedOnToolsVersion = 9.0;
						ProvisioningStyle = Automatic;
					};
				};
			};
			buildConfigurationList = E728C6291F59A62800E3A024 /* Build configuration list for PBXProject "Hybrid" */;
			compatibilityVersion = "Xcode 8.0";
			developmentRegion = en;
			hasScannedForEncodings = 0;
			knownRegions = (
				en,
				Base,
			);
			mainGroup = E728C6251F59A62800E3A024;
			productRefGroup = E728C62F1F59A62800E3A024 /* Products */;
			projectDirPath = "";
			projectRoot = "";
			targets = (
				E728C62D1F59A62800E3A024 /* Hybrid */,
				E728C63D1F59A9FA00E3A024 /* Framework */,
				E7ACE3F61F59ACCD00E6BFC6 /* HybridBundle */,
				E7ACE4021F59AE9800E6BFC6 /* HybridApp */,
			);
		};
/* End PBXProject section */

/* Begin PBXResourcesBuildPhase section */
		E7ACE3F51F59ACCD00E6BFC6 /* Resources */ = {
			isa = PBXResourcesBuildPhase;
			buildActionMask = 2147483647;
			files = (
				E7ACE41D1F59AF9A00E6BFC6 /* Main.storyboard in Resources */,
				E7ACE41E1F59AF9A00E6BFC6 /* Assets.xcassets in Resources */,
			);
			runOnlyForDeploymentPostprocessing = 0;
		};
		E7ACE4011F59AE9800E6BFC6 /* Resources */ = {
			isa = PBXResourcesBuildPhase;
			buildActionMask = 2147483647;
			files = (
				E7ACE41B1F59AEC600E6BFC6 /* Hybrid.bundle in Resources */,
				E7ACE4121F59AE9800E6BFC6 /* LaunchScreen.storyboard in Resources */,
				E7ACE40D1F59AE9800E6BFC6 /* Main.storyboard in Resources */,
			);
			runOnlyForDeploymentPostprocessing = 0;
		};
/* End PBXResourcesBuildPhase section */

/* Begin PBXShellScriptBuildPhase section */
		E728C63C1F59A7F800E3A024 /* Prepare Framework */ = {
			isa = PBXShellScriptBuildPhase;
			buildActionMask = 2147483647;
			files = (
			);
			inputPaths = (
			);
			name = "Prepare Framework";
			outputPaths = (
			);
			runOnlyForDeploymentPostprocessing = 0;
			shellPath = /bin/sh;
			shellScript = "set -e\n\nmkdir -p \"${BUILT_PRODUCTS_DIR}/${PRODUCT_NAME}.framework/Versions/A/Headers\"\n\n# Link the \"Current\" version to \"A\"\n/bin/ln -sfh A \"${BUILT_PRODUCTS_DIR}/${PRODUCT_NAME}.framework/Versions/Current\"\n/bin/ln -sfh Versions/Current/Headers \"${BUILT_PRODUCTS_DIR}/${PRODUCT_NAME}.framework/Headers\"\n/bin/ln -sfh \"Versions/Current/${PRODUCT_NAME}\" \"${BUILT_PRODUCTS_DIR}/${PRODUCT_NAME}.framework/${PRODUCT_NAME}\"\n\n# The -a ensures that the headers maintain the source modification date so that we don't constantly\n# cause propagating rebuilds of files that import these headers.\n/bin/cp -a \"${TARGET_BUILD_DIR}/${PUBLIC_HEADERS_FOLDER_PATH}/\" \"${BUILT_PRODUCTS_DIR}/${PRODUCT_NAME}.framework/Versions/A/Headers\"";
		};
		E728C6431F59AA1B00E3A024 /* ShellScript */ = {
			isa = PBXShellScriptBuildPhase;
			buildActionMask = 2147483647;
			files = (
			);
			inputPaths = (
			);
			outputPaths = (
			);
			runOnlyForDeploymentPostprocessing = 0;
			shellPath = /bin/sh;
			shellScript = "set -e\nset +u\n# Avoid recursively calling this script.\nif [[ $SF_MASTER_SCRIPT_RUNNING ]]\nthen\nexit 0\nfi\nset -u\nexport SF_MASTER_SCRIPT_RUNNING=1\n\nSF_TARGET_NAME=${PROJECT_NAME}\nSF_EXECUTABLE_PATH=\"lib${SF_TARGET_NAME}.a\"\nSF_WRAPPER_NAME=\"${SF_TARGET_NAME}.framework\"\n\n# The following conditionals come from\n# https://github.com/kstenerud/iOS-Universal-Framework\n\nif [[ \"$SDK_NAME\" =~ ([A-Za-z]+) ]]\nthen\nSF_SDK_PLATFORM=${BASH_REMATCH[1]}\nelse\necho \"Could not find platform name from SDK_NAME: $SDK_NAME\"\nexit 1\nfi\n\nif [[ \"$SDK_NAME\" =~ ([0-9]+.*$) ]]\nthen\nSF_SDK_VERSION=${BASH_REMATCH[1]}\nelse\necho \"Could not find sdk version from SDK_NAME: $SDK_NAME\"\nexit 1\nfi\n\nif [[ \"$SF_SDK_PLATFORM\" = \"iphoneos\" ]]\nthen\nSF_OTHER_PLATFORM=iphonesimulator\nelse\nSF_OTHER_PLATFORM=iphoneos\nfi\n\nif [[ \"$BUILT_PRODUCTS_DIR\" =~ (.*)$SF_SDK_PLATFORM$ ]]\nthen\nSF_OTHER_BUILT_PRODUCTS_DIR=\"${BASH_REMATCH[1]}${SF_OTHER_PLATFORM}\"\nelse\necho \"Could not find platform name from build products directory: $BUILT_PRODUCTS_DIR\"\nexit 1\nfi\n\n# Build the other platform.\nxcrun xcodebuild -project \"${PROJECT_FILE_PATH}\" -target \"${TARGET_NAME}\" -configuration \"${CONFIGURATION}\" -sdk ${SF_OTHER_PLATFORM}${SF_SDK_VERSION} BUILD_DIR=\"${BUILD_DIR}\" OBJROOT=\"${OBJROOT}\" BUILD_ROOT=\"${BUILD_ROOT}\" SYMROOT=\"${SYMROOT}\" $ACTION\n\n# Smash the two static libraries into one fat binary and store it in the .framework\nxcrun lipo -create \"${BUILT_PRODUCTS_DIR}/${SF_EXECUTABLE_PATH}\" \"${SF_OTHER_BUILT_PRODUCTS_DIR}/${SF_EXECUTABLE_PATH}\" -output \"${BUILT_PRODUCTS_DIR}/${SF_WRAPPER_NAME}/Versions/A/${SF_TARGET_NAME}\"\n\n# Copy the binary to the other architecture folder to have a complete framework in both.\ncp -a \"${BUILT_PRODUCTS_DIR}/${SF_WRAPPER_NAME}/Versions/A/${SF_TARGET_NAME}\" \"${SF_OTHER_BUILT_PRODUCTS_DIR}/${SF_WRAPPER_NAME}/Versions/A/${SF_TARGET_NAME}\"";
		};
/* End PBXShellScriptBuildPhase section */

/* Begin PBXSourcesBuildPhase section */
		E728C62A1F59A62800E3A024 /* Sources */ = {
			isa = PBXSourcesBuildPhase;
			buildActionMask = 2147483647;
			files = (
				E728C6471F59AAE000E3A024 /* HybridViewController.m in Sources */,
			);
			runOnlyForDeploymentPostprocessing = 0;
		};
		E7ACE3F31F59ACCD00E6BFC6 /* Sources */ = {
			isa = PBXSourcesBuildPhase;
			buildActionMask = 2147483647;
			files = (
			);
			runOnlyForDeploymentPostprocessing = 0;
		};
		E7ACE3FF1F59AE9800E6BFC6 /* Sources */ = {
			isa = PBXSourcesBuildPhase;
			buildActionMask = 2147483647;
			files = (
				E7ACE41C1F59AF3100E6BFC6 /* HybridViewController.m in Sources */,
				E7ACE4151F59AE9800E6BFC6 /* main.m in Sources */,
				E7ACE4071F59AE9800E6BFC6 /* AppDelegate.m in Sources */,
			);
			runOnlyForDeploymentPostprocessing = 0;
		};
/* End PBXSourcesBuildPhase section */

/* Begin PBXTargetDependency section */
		E728C6421F59AA1700E3A024 /* PBXTargetDependency */ = {
			isa = PBXTargetDependency;
			target = E728C62D1F59A62800E3A024 /* Hybrid */;
			targetProxy = E728C6411F59AA1700E3A024 /* PBXContainerItemProxy */;
		};
		E7ACE3FE1F59AD3100E6BFC6 /* PBXTargetDependency */ = {
			isa = PBXTargetDependency;
			target = E7ACE3F61F59ACCD00E6BFC6 /* HybridBundle */;
			targetProxy = E7ACE3FD1F59AD3100E6BFC6 /* PBXContainerItemProxy */;
		};
		E7ACE41A1F59AEAA00E6BFC6 /* PBXTargetDependency */ = {
			isa = PBXTargetDependency;
			target = E7ACE3F61F59ACCD00E6BFC6 /* HybridBundle */;
			targetProxy = E7ACE4191F59AEAA00E6BFC6 /* PBXContainerItemProxy */;
		};
/* End PBXTargetDependency section */

/* Begin PBXVariantGroup section */
		E7ACE40B1F59AE9800E6BFC6 /* Main.storyboard */ = {
			isa = PBXVariantGroup;
			children = (
				E7ACE40C1F59AE9800E6BFC6 /* Base */,
			);
			name = Main.storyboard;
			sourceTree = "<group>";
		};
		E7ACE4101F59AE9800E6BFC6 /* LaunchScreen.storyboard */ = {
			isa = PBXVariantGroup;
			children = (
				E7ACE4111F59AE9800E6BFC6 /* Base */,
			);
			name = LaunchScreen.storyboard;
			sourceTree = "<group>";
		};
/* End PBXVariantGroup section */

/* Begin XCBuildConfiguration section */
		E728C6351F59A62800E3A024 /* Debug */ = {
			isa = XCBuildConfiguration;
			buildSettings = {
				ALWAYS_SEARCH_USER_PATHS = NO;
				CLANG_ANALYZER_NONNULL = YES;
				CLANG_ANALYZER_NUMBER_OBJECT_CONVERSION = YES_AGGRESSIVE;
				CLANG_CXX_LANGUAGE_STANDARD = "gnu++14";
				CLANG_CXX_LIBRARY = "libc++";
				CLANG_ENABLE_MODULES = YES;
				CLANG_ENABLE_OBJC_ARC = YES;
				CLANG_WARN_BLOCK_CAPTURE_AUTORELEASING = YES;
				CLANG_WARN_BOOL_CONVERSION = YES;
				CLANG_WARN_COMMA = YES;
				CLANG_WARN_CONSTANT_CONVERSION = YES;
				CLANG_WARN_DIRECT_OBJC_ISA_USAGE = YES_ERROR;
				CLANG_WARN_DOCUMENTATION_COMMENTS = YES;
				CLANG_WARN_EMPTY_BODY = YES;
				CLANG_WARN_ENUM_CONVERSION = YES;
				CLANG_WARN_INFINITE_RECURSION = YES;
				CLANG_WARN_INT_CONVERSION = YES;
				CLANG_WARN_NON_LITERAL_NULL_CONVERSION = YES;
				CLANG_WARN_OBJC_LITERAL_CONVERSION = YES;
				CLANG_WARN_OBJC_ROOT_CLASS = YES_ERROR;
				CLANG_WARN_RANGE_LOOP_ANALYSIS = YES;
				CLANG_WARN_STRICT_PROTOTYPES = YES;
				CLANG_WARN_SUSPICIOUS_MOVE = YES;
				CLANG_WARN_UNGUARDED_AVAILABILITY = YES_AGGRESSIVE;
				CLANG_WARN_UNREACHABLE_CODE = YES;
				CLANG_WARN__DUPLICATE_METHOD_MATCH = YES;
				CODE_SIGN_IDENTITY = "iPhone Developer";
				COPY_PHASE_STRIP = NO;
				DEAD_CODE_STRIPPING = NO;
				DEBUG_INFORMATION_FORMAT = dwarf;
				ENABLE_STRICT_OBJC_MSGSEND = YES;
				ENABLE_TESTABILITY = YES;
				GCC_C_LANGUAGE_STANDARD = gnu11;
				GCC_DYNAMIC_NO_PIC = NO;
				GCC_NO_COMMON_BLOCKS = YES;
				GCC_OPTIMIZATION_LEVEL = 0;
				GCC_PREPROCESSOR_DEFINITIONS = (
					"DEBUG=1",
					"$(inherited)",
				);
				GCC_WARN_64_TO_32_BIT_CONVERSION = YES;
				GCC_WARN_ABOUT_RETURN_TYPE = YES_ERROR;
				GCC_WARN_UNDECLARED_SELECTOR = YES;
				GCC_WARN_UNINITIALIZED_AUTOS = YES_AGGRESSIVE;
				GCC_WARN_UNUSED_FUNCTION = YES;
				GCC_WARN_UNUSED_VARIABLE = YES;
				IPHONEOS_DEPLOYMENT_TARGET = 11.0;
				MTL_ENABLE_DEBUG_INFO = YES;
				ONLY_ACTIVE_ARCH = NO;
				PUBLIC_HEADERS_FOLDER_PATH = Headers;
				SDKROOT = iphoneos;
				STRIP_STYLE = "non-global";
			};
			name = Debug;
		};
		E728C6361F59A62800E3A024 /* Release */ = {
			isa = XCBuildConfiguration;
			buildSettings = {
				ALWAYS_SEARCH_USER_PATHS = NO;
				CLANG_ANALYZER_NONNULL = YES;
				CLANG_ANALYZER_NUMBER_OBJECT_CONVERSION = YES_AGGRESSIVE;
				CLANG_CXX_LANGUAGE_STANDARD = "gnu++14";
				CLANG_CXX_LIBRARY = "libc++";
				CLANG_ENABLE_MODULES = YES;
				CLANG_ENABLE_OBJC_ARC = YES;
				CLANG_WARN_BLOCK_CAPTURE_AUTORELEASING = YES;
				CLANG_WARN_BOOL_CONVERSION = YES;
				CLANG_WARN_COMMA = YES;
				CLANG_WARN_CONSTANT_CONVERSION = YES;
				CLANG_WARN_DIRECT_OBJC_ISA_USAGE = YES_ERROR;
				CLANG_WARN_DOCUMENTATION_COMMENTS = YES;
				CLANG_WARN_EMPTY_BODY = YES;
				CLANG_WARN_ENUM_CONVERSION = YES;
				CLANG_WARN_INFINITE_RECURSION = YES;
				CLANG_WARN_INT_CONVERSION = YES;
				CLANG_WARN_NON_LITERAL_NULL_CONVERSION = YES;
				CLANG_WARN_OBJC_LITERAL_CONVERSION = YES;
				CLANG_WARN_OBJC_ROOT_CLASS = YES_ERROR;
				CLANG_WARN_RANGE_LOOP_ANALYSIS = YES;
				CLANG_WARN_STRICT_PROTOTYPES = YES;
				CLANG_WARN_SUSPICIOUS_MOVE = YES;
				CLANG_WARN_UNGUARDED_AVAILABILITY = YES_AGGRESSIVE;
				CLANG_WARN_UNREACHABLE_CODE = YES;
				CLANG_WARN__DUPLICATE_METHOD_MATCH = YES;
				CODE_SIGN_IDENTITY = "iPhone Developer";
				COPY_PHASE_STRIP = NO;
				DEAD_CODE_STRIPPING = NO;
				DEBUG_INFORMATION_FORMAT = "dwarf-with-dsym";
				ENABLE_NS_ASSERTIONS = NO;
				ENABLE_STRICT_OBJC_MSGSEND = YES;
				GCC_C_LANGUAGE_STANDARD = gnu11;
				GCC_NO_COMMON_BLOCKS = YES;
				GCC_WARN_64_TO_32_BIT_CONVERSION = YES;
				GCC_WARN_ABOUT_RETURN_TYPE = YES_ERROR;
				GCC_WARN_UNDECLARED_SELECTOR = YES;
				GCC_WARN_UNINITIALIZED_AUTOS = YES_AGGRESSIVE;
				GCC_WARN_UNUSED_FUNCTION = YES;
				GCC_WARN_UNUSED_VARIABLE = YES;
				IPHONEOS_DEPLOYMENT_TARGET = 11.0;
				MTL_ENABLE_DEBUG_INFO = NO;
				PUBLIC_HEADERS_FOLDER_PATH = Headers;
				SDKROOT = iphoneos;
				STRIP_STYLE = "non-global";
				VALIDATE_PRODUCT = YES;
			};
			name = Release;
		};
		E728C6381F59A62800E3A024 /* Debug */ = {
			isa = XCBuildConfiguration;
			buildSettings = {
				CODE_SIGN_STYLE = Automatic;
				DEVELOPMENT_TEAM = 2Z262HL3RX;
				OTHER_LDFLAGS = "-ObjC";
				PRODUCT_NAME = "$(TARGET_NAME)";
				SKIP_INSTALL = YES;
				TARGETED_DEVICE_FAMILY = "1,2";
			};
			name = Debug;
		};
		E728C6391F59A62800E3A024 /* Release */ = {
			isa = XCBuildConfiguration;
			buildSettings = {
				CODE_SIGN_STYLE = Automatic;
				DEVELOPMENT_TEAM = 2Z262HL3RX;
				OTHER_LDFLAGS = "-ObjC";
				PRODUCT_NAME = "$(TARGET_NAME)";
				SKIP_INSTALL = YES;
				TARGETED_DEVICE_FAMILY = "1,2";
			};
			name = Release;
		};
		E728C63F1F59A9FA00E3A024 /* Debug */ = {
			isa = XCBuildConfiguration;
			buildSettings = {
				CODE_SIGN_STYLE = Automatic;
				DEVELOPMENT_TEAM = 2Z262HL3RX;
				PRODUCT_NAME = "$(TARGET_NAME)";
			};
			name = Debug;
		};
		E728C6401F59A9FA00E3A024 /* Release */ = {
			isa = XCBuildConfiguration;
			buildSettings = {
				CODE_SIGN_STYLE = Automatic;
				DEVELOPMENT_TEAM = 2Z262HL3RX;
				PRODUCT_NAME = "$(TARGET_NAME)";
			};
			name = Release;
		};
		E7ACE3FB1F59ACCD00E6BFC6 /* Debug */ = {
			isa = XCBuildConfiguration;
			buildSettings = {
				CODE_SIGN_IDENTITY = "Mac Developer";
				CODE_SIGN_STYLE = Automatic;
				DEVELOPMENT_TEAM = 2Z262HL3RX;
				INFOPLIST_FILE = HybridBundle/Info.plist;
				INSTALL_PATH = "$(LOCAL_LIBRARY_DIR)/Bundles";
				MACOSX_DEPLOYMENT_TARGET = 10.12;
				ONLY_ACTIVE_ARCH = NO;
				PRODUCT_BUNDLE_IDENTIFIER = com.detroitlabs.HybridBundle;
				PRODUCT_NAME = Hybrid;
				SDKROOT = iphoneos;
				SKIP_INSTALL = YES;
				WRAPPER_EXTENSION = bundle;
			};
			name = Debug;
		};
		E7ACE3FC1F59ACCD00E6BFC6 /* Release */ = {
			isa = XCBuildConfiguration;
			buildSettings = {
				CODE_SIGN_IDENTITY = "Mac Developer";
				CODE_SIGN_STYLE = Automatic;
				DEVELOPMENT_TEAM = 2Z262HL3RX;
				INFOPLIST_FILE = HybridBundle/Info.plist;
				INSTALL_PATH = "$(LOCAL_LIBRARY_DIR)/Bundles";
				MACOSX_DEPLOYMENT_TARGET = 10.12;
				PRODUCT_BUNDLE_IDENTIFIER = com.detroitlabs.HybridBundle;
				PRODUCT_NAME = Hybrid;
				SDKROOT = iphoneos;
				SKIP_INSTALL = YES;
				WRAPPER_EXTENSION = bundle;
			};
			name = Release;
		};
		E7ACE4161F59AE9800E6BFC6 /* Debug */ = {
			isa = XCBuildConfiguration;
			buildSettings = {
				ASSETCATALOG_COMPILER_APPICON_NAME = AppIcon;
				CODE_SIGN_STYLE = Automatic;
				DEVELOPMENT_TEAM = 2Z262HL3RX;
				INFOPLIST_FILE = HybridApp/Info.plist;
				LD_RUNPATH_SEARCH_PATHS = "$(inherited) @executable_path/Frameworks";
				ONLY_ACTIVE_ARCH = YES;
				PRODUCT_BUNDLE_IDENTIFIER = com.detroitlabs.HybridApp;
				PRODUCT_NAME = "$(TARGET_NAME)";
				TARGETED_DEVICE_FAMILY = "1,2";
			};
			name = Debug;
		};
		E7ACE4171F59AE9800E6BFC6 /* Release */ = {
			isa = XCBuildConfiguration;
			buildSettings = {
				ASSETCATALOG_COMPILER_APPICON_NAME = AppIcon;
				CODE_SIGN_STYLE = Automatic;
				DEVELOPMENT_TEAM = 2Z262HL3RX;
				INFOPLIST_FILE = HybridApp/Info.plist;
				LD_RUNPATH_SEARCH_PATHS = "$(inherited) @executable_path/Frameworks";
				PRODUCT_BUNDLE_IDENTIFIER = com.detroitlabs.HybridApp;
				PRODUCT_NAME = "$(TARGET_NAME)";
				TARGETED_DEVICE_FAMILY = "1,2";
			};
			name = Release;
		};
/* End XCBuildConfiguration section */

/* Begin XCConfigurationList section */
		E728C6291F59A62800E3A024 /* Build configuration list for PBXProject "Hybrid" */ = {
			isa = XCConfigurationList;
			buildConfigurations = (
				E728C6351F59A62800E3A024 /* Debug */,
				E728C6361F59A62800E3A024 /* Release */,
			);
			defaultConfigurationIsVisible = 0;
			defaultConfigurationName = Release;
		};
		E728C6371F59A62800E3A024 /* Build configuration list for PBXNativeTarget "Hybrid" */ = {
			isa = XCConfigurationList;
			buildConfigurations = (
				E728C6381F59A62800E3A024 /* Debug */,
				E728C6391F59A62800E3A024 /* Release */,
			);
			defaultConfigurationIsVisible = 0;
			defaultConfigurationName = Release;
		};
		E728C63E1F59A9FA00E3A024 /* Build configuration list for PBXAggregateTarget "Framework" */ = {
			isa = XCConfigurationList;
			buildConfigurations = (
				E728C63F1F59A9FA00E3A024 /* Debug */,
				E728C6401F59A9FA00E3A024 /* Release */,
			);
			defaultConfigurationIsVisible = 0;
			defaultConfigurationName = Release;
		};
		E7ACE3FA1F59ACCD00E6BFC6 /* Build configuration list for PBXNativeTarget "HybridBundle" */ = {
			isa = XCConfigurationList;
			buildConfigurations = (
				E7ACE3FB1F59ACCD00E6BFC6 /* Debug */,
				E7ACE3FC1F59ACCD00E6BFC6 /* Release */,
			);
			defaultConfigurationIsVisible = 0;
			defaultConfigurationName = Release;
		};
		E7ACE4181F59AE9800E6BFC6 /* Build configuration list for PBXNativeTarget "HybridApp" */ = {
			isa = XCConfigurationList;
			buildConfigurations = (
				E7ACE4161F59AE9800E6BFC6 /* Debug */,
				E7ACE4171F59AE9800E6BFC6 /* Release */,
			);
			defaultConfigurationIsVisible = 0;
			defaultConfigurationName = Release;
		};
/* End XCConfigurationList section */
	};
	rootObject = E728C6261F59A62800E3A024 /* Project object */;
}
